// !$*UTF8*$!
{
	archiveVersion = 1;
	classes = {
	};
	objectVersion = 55;
	objects = {

/* Begin PBXBuildFile section */
		43202DAA2829FA53002AA6CB /* LaunchScreenApp.swift in Sources */ = {isa = PBXBuildFile; fileRef = 43202DA92829FA53002AA6CB /* LaunchScreenApp.swift */; };
		43202DAC2829FA53002AA6CB /* ContentView.swift in Sources */ = {isa = PBXBuildFile; fileRef = 43202DAB2829FA53002AA6CB /* ContentView.swift */; };
		43202DAE2829FA54002AA6CB /* Assets.xcassets in Resources */ = {isa = PBXBuildFile; fileRef = 43202DAD2829FA54002AA6CB /* Assets.xcassets */; };
		43202DB12829FA54002AA6CB /* Preview Assets.xcassets in Resources */ = {isa = PBXBuildFile; fileRef = 43202DB02829FA54002AA6CB /* Preview Assets.xcassets */; };
		43202DBB2829FA55002AA6CB /* LaunchScreenTests.swift in Sources */ = {isa = PBXBuildFile; fileRef = 43202DBA2829FA55002AA6CB /* LaunchScreenTests.swift */; };
		43202DC52829FA55002AA6CB /* LaunchScreenUITests.swift in Sources */ = {isa = PBXBuildFile; fileRef = 43202DC42829FA55002AA6CB /* LaunchScreenUITests.swift */; };
		43202DC72829FA55002AA6CB /* LaunchScreenUITestsLaunchTests.swift in Sources */ = {isa = PBXBuildFile; fileRef = 43202DC62829FA55002AA6CB /* LaunchScreenUITestsLaunchTests.swift */; };
		43202DD42829FB83002AA6CB /* README.md in Resources */ = {isa = PBXBuildFile; fileRef = 43202DD32829FB83002AA6CB /* README.md */; };
/* End PBXBuildFile section */

/* Begin PBXContainerItemProxy section */
		43202DB72829FA55002AA6CB /* PBXContainerItemProxy */ = {
			isa = PBXContainerItemProxy;
			containerPortal = 43202D9E2829FA52002AA6CB /* Project object */;
			proxyType = 1;
			remoteGlobalIDString = 43202DA52829FA53002AA6CB;
			remoteInfo = LaunchScreen;
		};
		43202DC12829FA55002AA6CB /* PBXContainerItemProxy */ = {
			isa = PBXContainerItemProxy;
			containerPortal = 43202D9E2829FA52002AA6CB /* Project object */;
			proxyType = 1;
			remoteGlobalIDString = 43202DA52829FA53002AA6CB;
			remoteInfo = LaunchScreen;
		};
/* End PBXContainerItemProxy section */

/* Begin PBXFileReference section */
		43202DA62829FA53002AA6CB /* LaunchScreen.app */ = {isa = PBXFileReference; explicitFileType = wrapper.application; includeInIndex = 0; path = LaunchScreen.app; sourceTree = BUILT_PRODUCTS_DIR; };
		43202DA92829FA53002AA6CB /* LaunchScreenApp.swift */ = {isa = PBXFileReference; lastKnownFileType = sourcecode.swift; path = LaunchScreenApp.swift; sourceTree = "<group>"; };
		43202DAB2829FA53002AA6CB /* ContentView.swift */ = {isa = PBXFileReference; lastKnownFileType = sourcecode.swift; path = ContentView.swift; sourceTree = "<group>"; };
		43202DAD2829FA54002AA6CB /* Assets.xcassets */ = {isa = PBXFileReference; lastKnownFileType = folder.assetcatalog; path = Assets.xcassets; sourceTree = "<group>"; };
		43202DB02829FA54002AA6CB /* Preview Assets.xcassets */ = {isa = PBXFileReference; lastKnownFileType = folder.assetcatalog; path = "Preview Assets.xcassets"; sourceTree = "<group>"; };
		43202DB62829FA55002AA6CB /* LaunchScreenTests.xctest */ = {isa = PBXFileReference; explicitFileType = wrapper.cfbundle; includeInIndex = 0; path = LaunchScreenTests.xctest; sourceTree = BUILT_PRODUCTS_DIR; };
		43202DBA2829FA55002AA6CB /* LaunchScreenTests.swift */ = {isa = PBXFileReference; lastKnownFileType = sourcecode.swift; path = LaunchScreenTests.swift; sourceTree = "<group>"; };
		43202DC02829FA55002AA6CB /* LaunchScreenUITests.xctest */ = {isa = PBXFileReference; explicitFileType = wrapper.cfbundle; includeInIndex = 0; path = LaunchScreenUITests.xctest; sourceTree = BUILT_PRODUCTS_DIR; };
		43202DC42829FA55002AA6CB /* LaunchScreenUITests.swift */ = {isa = PBXFileReference; lastKnownFileType = sourcecode.swift; path = LaunchScreenUITests.swift; sourceTree = "<group>"; };
		43202DC62829FA55002AA6CB /* LaunchScreenUITestsLaunchTests.swift */ = {isa = PBXFileReference; lastKnownFileType = sourcecode.swift; path = LaunchScreenUITestsLaunchTests.swift; sourceTree = "<group>"; };
		43202DD32829FB83002AA6CB /* README.md */ = {isa = PBXFileReference; lastKnownFileType = net.daringfireball.markdown; path = README.md; sourceTree = "<group>"; };
		43202DD52829FBF6002AA6CB /* Info.plist */ = {isa = PBXFileReference; lastKnownFileType = text.plist; path = Info.plist; sourceTree = "<group>"; };
/* End PBXFileReference section */

/* Begin PBXFrameworksBuildPhase section */
		43202DA32829FA53002AA6CB /* Frameworks */ = {
			isa = PBXFrameworksBuildPhase;
			buildActionMask = 2147483647;
			files = (
			);
			runOnlyForDeploymentPostprocessing = 0;
		};
		43202DB32829FA55002AA6CB /* Frameworks */ = {
			isa = PBXFrameworksBuildPhase;
			buildActionMask = 2147483647;
			files = (
			);
			runOnlyForDeploymentPostprocessing = 0;
		};
		43202DBD2829FA55002AA6CB /* Frameworks */ = {
			isa = PBXFrameworksBuildPhase;
			buildActionMask = 2147483647;
			files = (
			);
			runOnlyForDeploymentPostprocessing = 0;
		};
/* End PBXFrameworksBuildPhase section */

/* Begin PBXGroup section */
		43202D9D2829FA52002AA6CB = {
			isa = PBXGroup;
			children = (
				43202DD32829FB83002AA6CB /* README.md */,
				43202DA82829FA53002AA6CB /* LaunchScreen */,
				43202DB92829FA55002AA6CB /* LaunchScreenTests */,
				43202DC32829FA55002AA6CB /* LaunchScreenUITests */,
				43202DA72829FA53002AA6CB /* Products */,
			);
			sourceTree = "<group>";
		};
		43202DA72829FA53002AA6CB /* Products */ = {
			isa = PBXGroup;
			children = (
				43202DA62829FA53002AA6CB /* LaunchScreen.app */,
				43202DB62829FA55002AA6CB /* LaunchScreenTests.xctest */,
				43202DC02829FA55002AA6CB /* LaunchScreenUITests.xctest */,
			);
			name = Products;
			sourceTree = "<group>";
		};
		43202DA82829FA53002AA6CB /* LaunchScreen */ = {
			isa = PBXGroup;
			children = (
				43202DD52829FBF6002AA6CB /* Info.plist */,
				43202DA92829FA53002AA6CB /* LaunchScreenApp.swift */,
				43202DAB2829FA53002AA6CB /* ContentView.swift */,
				43202DAD2829FA54002AA6CB /* Assets.xcassets */,
				43202DAF2829FA54002AA6CB /* Preview Content */,
			);
			path = LaunchScreen;
			sourceTree = "<group>";
		};
		43202DAF2829FA54002AA6CB /* Preview Content */ = {
			isa = PBXGroup;
			children = (
				43202DB02829FA54002AA6CB /* Preview Assets.xcassets */,
			);
			path = "Preview Content";
			sourceTree = "<group>";
		};
		43202DB92829FA55002AA6CB /* LaunchScreenTests */ = {
			isa = PBXGroup;
			children = (
				43202DBA2829FA55002AA6CB /* LaunchScreenTests.swift */,
			);
			path = LaunchScreenTests;
			sourceTree = "<group>";
		};
		43202DC32829FA55002AA6CB /* LaunchScreenUITests */ = {
			isa = PBXGroup;
			children = (
				43202DC42829FA55002AA6CB /* LaunchScreenUITests.swift */,
				43202DC62829FA55002AA6CB /* LaunchScreenUITestsLaunchTests.swift */,
			);
			path = LaunchScreenUITests;
			sourceTree = "<group>";
		};
/* End PBXGroup section */

/* Begin PBXNativeTarget section */
		43202DA52829FA53002AA6CB /* LaunchScreen */ = {
			isa = PBXNativeTarget;
			buildConfigurationList = 43202DCA2829FA55002AA6CB /* Build configuration list for PBXNativeTarget "LaunchScreen" */;
			buildPhases = (
				43202DA22829FA53002AA6CB /* Sources */,
				43202DA32829FA53002AA6CB /* Frameworks */,
				43202DA42829FA53002AA6CB /* Resources */,
			);
			buildRules = (
			);
			dependencies = (
			);
			name = LaunchScreen;
			productName = LaunchScreen;
			productReference = 43202DA62829FA53002AA6CB /* LaunchScreen.app */;
			productType = "com.apple.product-type.application";
		};
		43202DB52829FA55002AA6CB /* LaunchScreenTests */ = {
			isa = PBXNativeTarget;
			buildConfigurationList = 43202DCD2829FA55002AA6CB /* Build configuration list for PBXNativeTarget "LaunchScreenTests" */;
			buildPhases = (
				43202DB22829FA55002AA6CB /* Sources */,
				43202DB32829FA55002AA6CB /* Frameworks */,
				43202DB42829FA55002AA6CB /* Resources */,
			);
			buildRules = (
			);
			dependencies = (
				43202DB82829FA55002AA6CB /* PBXTargetDependency */,
			);
			name = LaunchScreenTests;
			productName = LaunchScreenTests;
			productReference = 43202DB62829FA55002AA6CB /* LaunchScreenTests.xctest */;
			productType = "com.apple.product-type.bundle.unit-test";
		};
		43202DBF2829FA55002AA6CB /* LaunchScreenUITests */ = {
			isa = PBXNativeTarget;
			buildConfigurationList = 43202DD02829FA55002AA6CB /* Build configuration list for PBXNativeTarget "LaunchScreenUITests" */;
			buildPhases = (
				43202DBC2829FA55002AA6CB /* Sources */,
				43202DBD2829FA55002AA6CB /* Frameworks */,
				43202DBE2829FA55002AA6CB /* Resources */,
			);
			buildRules = (
			);
			dependencies = (
				43202DC22829FA55002AA6CB /* PBXTargetDependency */,
			);
			name = LaunchScreenUITests;
			productName = LaunchScreenUITests;
			productReference = 43202DC02829FA55002AA6CB /* LaunchScreenUITests.xctest */;
			productType = "com.apple.product-type.bundle.ui-testing";
		};
/* End PBXNativeTarget section */

/* Begin PBXProject section */
		43202D9E2829FA52002AA6CB /* Project object */ = {
			isa = PBXProject;
			attributes = {
				BuildIndependentTargetsInParallel = 1;
				LastSwiftUpdateCheck = 1320;
				LastUpgradeCheck = 1320;
				TargetAttributes = {
					43202DA52829FA53002AA6CB = {
						CreatedOnToolsVersion = 13.2.1;
					};
					43202DB52829FA55002AA6CB = {
						CreatedOnToolsVersion = 13.2.1;
						TestTargetID = 43202DA52829FA53002AA6CB;
					};
					43202DBF2829FA55002AA6CB = {
						CreatedOnToolsVersion = 13.2.1;
						TestTargetID = 43202DA52829FA53002AA6CB;
					};
				};
			};
			buildConfigurationList = 43202DA12829FA52002AA6CB /* Build configuration list for PBXProject "LaunchScreen" */;
			compatibilityVersion = "Xcode 13.0";
			developmentRegion = en;
			hasScannedForEncodings = 0;
			knownRegions = (
				en,
				Base,
			);
			mainGroup = 43202D9D2829FA52002AA6CB;
			productRefGroup = 43202DA72829FA53002AA6CB /* Products */;
			projectDirPath = "";
			projectRoot = "";
			targets = (
				43202DA52829FA53002AA6CB /* LaunchScreen */,
				43202DB52829FA55002AA6CB /* LaunchScreenTests */,
				43202DBF2829FA55002AA6CB /* LaunchScreenUITests */,
			);
		};
/* End PBXProject section */

/* Begin PBXResourcesBuildPhase section */
		43202DA42829FA53002AA6CB /* Resources */ = {
			isa = PBXResourcesBuildPhase;
			buildActionMask = 2147483647;
			files = (
				43202DD42829FB83002AA6CB /* README.md in Resources */,
				43202DB12829FA54002AA6CB /* Preview Assets.xcassets in Resources */,
				43202DAE2829FA54002AA6CB /* Assets.xcassets in Resources */,
			);
			runOnlyForDeploymentPostprocessing = 0;
		};
		43202DB42829FA55002AA6CB /* Resources */ = {
			isa = PBXResourcesBuildPhase;
			buildActionMask = 2147483647;
			files = (
			);
			runOnlyForDeploymentPostprocessing = 0;
		};
		43202DBE2829FA55002AA6CB /* Resources */ = {
			isa = PBXResourcesBuildPhase;
			buildActionMask = 2147483647;
			files = (
			);
			runOnlyForDeploymentPostprocessing = 0;
		};
/* End PBXResourcesBuildPhase section */

/* Begin PBXSourcesBuildPhase section */
		43202DA22829FA53002AA6CB /* Sources */ = {
			isa = PBXSourcesBuildPhase;
			buildActionMask = 2147483647;
			files = (
				43202DAC2829FA53002AA6CB /* ContentView.swift in Sources */,
				43202DAA2829FA53002AA6CB /* LaunchScreenApp.swift in Sources */,
			);
			runOnlyForDeploymentPostprocessing = 0;
		};
		43202DB22829FA55002AA6CB /* Sources */ = {
			isa = PBXSourcesBuildPhase;
			buildActionMask = 2147483647;
			files = (
				43202DBB2829FA55002AA6CB /* LaunchScreenTests.swift in Sources */,
			);
			runOnlyForDeploymentPostprocessing = 0;
		};
		43202DBC2829FA55002AA6CB /* Sources */ = {
			isa = PBXSourcesBuildPhase;
			buildActionMask = 2147483647;
			files = (
				43202DC52829FA55002AA6CB /* LaunchScreenUITests.swift in Sources */,
				43202DC72829FA55002AA6CB /* LaunchScreenUITestsLaunchTests.swift in Sources */,
			);
			runOnlyForDeploymentPostprocessing = 0;
		};
/* End PBXSourcesBuildPhase section */

/* Begin PBXTargetDependency section */
		43202DB82829FA55002AA6CB /* PBXTargetDependency */ = {
			isa = PBXTargetDependency;
			target = 43202DA52829FA53002AA6CB /* LaunchScreen */;
			targetProxy = 43202DB72829FA55002AA6CB /* PBXContainerItemProxy */;
		};
		43202DC22829FA55002AA6CB /* PBXTargetDependency */ = {
			isa = PBXTargetDependency;
			target = 43202DA52829FA53002AA6CB /* LaunchScreen */;
			targetProxy = 43202DC12829FA55002AA6CB /* PBXContainerItemProxy */;
		};
/* End PBXTargetDependency section */

/* Begin XCBuildConfiguration section */
		43202DC82829FA55002AA6CB /* Debug */ = {
			isa = XCBuildConfiguration;
			buildSettings = {
				ALWAYS_SEARCH_USER_PATHS = NO;
				CLANG_ANALYZER_NONNULL = YES;
				CLANG_ANALYZER_NUMBER_OBJECT_CONVERSION = YES_AGGRESSIVE;
				CLANG_CXX_LANGUAGE_STANDARD = "gnu++17";
				CLANG_CXX_LIBRARY = "libc++";
				CLANG_ENABLE_MODULES = YES;
				CLANG_ENABLE_OBJC_ARC = YES;
				CLANG_ENABLE_OBJC_WEAK = YES;
				CLANG_WARN_BLOCK_CAPTURE_AUTORELEASING = YES;
				CLANG_WARN_BOOL_CONVERSION = YES;
				CLANG_WARN_COMMA = YES;
				CLANG_WARN_CONSTANT_CONVERSION = YES;
				CLANG_WARN_DEPRECATED_OBJC_IMPLEMENTATIONS = YES;
				CLANG_WARN_DIRECT_OBJC_ISA_USAGE = YES_ERROR;
				CLANG_WARN_DOCUMENTATION_COMMENTS = YES;
				CLANG_WARN_EMPTY_BODY = YES;
				CLANG_WARN_ENUM_CONVERSION = YES;
				CLANG_WARN_INFINITE_RECURSION = YES;
				CLANG_WARN_INT_CONVERSION = YES;
				CLANG_WARN_NON_LITERAL_NULL_CONVERSION = YES;
				CLANG_WARN_OBJC_IMPLICIT_RETAIN_SELF = YES;
				CLANG_WARN_OBJC_LITERAL_CONVERSION = YES;
				CLANG_WARN_OBJC_ROOT_CLASS = YES_ERROR;
				CLANG_WARN_QUOTED_INCLUDE_IN_FRAMEWORK_HEADER = YES;
				CLANG_WARN_RANGE_LOOP_ANALYSIS = YES;
				CLANG_WARN_STRICT_PROTOTYPES = YES;
				CLANG_WARN_SUSPICIOUS_MOVE = YES;
				CLANG_WARN_UNGUARDED_AVAILABILITY = YES_AGGRESSIVE;
				CLANG_WARN_UNREACHABLE_CODE = YES;
				CLANG_WARN__DUPLICATE_METHOD_MATCH = YES;
				COPY_PHASE_STRIP = NO;
				DEBUG_INFORMATION_FORMAT = dwarf;
				ENABLE_STRICT_OBJC_MSGSEND = YES;
				ENABLE_TESTABILITY = YES;
				GCC_C_LANGUAGE_STANDARD = gnu11;
				GCC_DYNAMIC_NO_PIC = NO;
				GCC_NO_COMMON_BLOCKS = YES;
				GCC_OPTIMIZATION_LEVEL = 0;
				GCC_PREPROCESSOR_DEFINITIONS = (
					"DEBUG=1",
					"$(inherited)",
				);
				GCC_WARN_64_TO_32_BIT_CONVERSION = YES;
				GCC_WARN_ABOUT_RETURN_TYPE = YES_ERROR;
				GCC_WARN_UNDECLARED_SELECTOR = YES;
				GCC_WARN_UNINITIALIZED_AUTOS = YES_AGGRESSIVE;
				GCC_WARN_UNUSED_FUNCTION = YES;
				GCC_WARN_UNUSED_VARIABLE = YES;
				IPHONEOS_DEPLOYMENT_TARGET = 15.2;
				MTL_ENABLE_DEBUG_INFO = INCLUDE_SOURCE;
				MTL_FAST_MATH = YES;
				ONLY_ACTIVE_ARCH = YES;
				SDKROOT = iphoneos;
				SWIFT_ACTIVE_COMPILATION_CONDITIONS = DEBUG;
				SWIFT_OPTIMIZATION_LEVEL = "-Onone";
			};
			name = Debug;
		};
		43202DC92829FA55002AA6CB /* Release */ = {
			isa = XCBuildConfiguration;
			buildSettings = {
				ALWAYS_SEARCH_USER_PATHS = NO;
				CLANG_ANALYZER_NONNULL = YES;
				CLANG_ANALYZER_NUMBER_OBJECT_CONVERSION = YES_AGGRESSIVE;
				CLANG_CXX_LANGUAGE_STANDARD = "gnu++17";
				CLANG_CXX_LIBRARY = "libc++";
				CLANG_ENABLE_MODULES = YES;
				CLANG_ENABLE_OBJC_ARC = YES;
				CLANG_ENABLE_OBJC_WEAK = YES;
				CLANG_WARN_BLOCK_CAPTURE_AUTORELEASING = YES;
				CLANG_WARN_BOOL_CONVERSION = YES;
				CLANG_WARN_COMMA = YES;
				CLANG_WARN_CONSTANT_CONVERSION = YES;
				CLANG_WARN_DEPRECATED_OBJC_IMPLEMENTATIONS = YES;
				CLANG_WARN_DIRECT_OBJC_ISA_USAGE = YES_ERROR;
				CLANG_WARN_DOCUMENTATION_COMMENTS = YES;
				CLANG_WARN_EMPTY_BODY = YES;
				CLANG_WARN_ENUM_CONVERSION = YES;
				CLANG_WARN_INFINITE_RECURSION = YES;
				CLANG_WARN_INT_CONVERSION = YES;
				CLANG_WARN_NON_LITERAL_NULL_CONVERSION = YES;
				CLANG_WARN_OBJC_IMPLICIT_RETAIN_SELF = YES;
				CLANG_WARN_OBJC_LITERAL_CONVERSION = YES;
				CLANG_WARN_OBJC_ROOT_CLASS = YES_ERROR;
				CLANG_WARN_QUOTED_INCLUDE_IN_FRAMEWORK_HEADER = YES;
				CLANG_WARN_RANGE_LOOP_ANALYSIS = YES;
				CLANG_WARN_STRICT_PROTOTYPES = YES;
				CLANG_WARN_SUSPICIOUS_MOVE = YES;
				CLANG_WARN_UNGUARDED_AVAILABILITY = YES_AGGRESSIVE;
				CLANG_WARN_UNREACHABLE_CODE = YES;
				CLANG_WARN__DUPLICATE_METHOD_MATCH = YES;
				COPY_PHASE_STRIP = NO;
				DEBUG_INFORMATION_FORMAT = "dwarf-with-dsym";
				ENABLE_NS_ASSERTIONS = NO;
				ENABLE_STRICT_OBJC_MSGSEND = YES;
				GCC_C_LANGUAGE_STANDARD = gnu11;
				GCC_NO_COMMON_BLOCKS = YES;
				GCC_WARN_64_TO_32_BIT_CONVERSION = YES;
				GCC_WARN_ABOUT_RETURN_TYPE = YES_ERROR;
				GCC_WARN_UNDECLARED_SELECTOR = YES;
				GCC_WARN_UNINITIALIZED_AUTOS = YES_AGGRESSIVE;
				GCC_WARN_UNUSED_FUNCTION = YES;
				GCC_WARN_UNUSED_VARIABLE = YES;
				IPHONEOS_DEPLOYMENT_TARGET = 15.2;
				MTL_ENABLE_DEBUG_INFO = NO;
				MTL_FAST_MATH = YES;
				SDKROOT = iphoneos;
				SWIFT_COMPILATION_MODE = wholemodule;
				SWIFT_OPTIMIZATION_LEVEL = "-O";
				VALIDATE_PRODUCT = YES;
			};
			name = Release;
		};
		43202DCB2829FA55002AA6CB /* Debug */ = {
			isa = XCBuildConfiguration;
			buildSettings = {
				ASSETCATALOG_COMPILER_APPICON_NAME = AppIcon;
				ASSETCATALOG_COMPILER_GLOBAL_ACCENT_COLOR_NAME = AccentColor;
				CODE_SIGN_STYLE = Automatic;
				CURRENT_PROJECT_VERSION = 1;
				DEVELOPMENT_ASSET_PATHS = "\"LaunchScreen/Preview Content\"";
				DEVELOPMENT_TEAM = S2MZ49WTY5;
				ENABLE_PREVIEWS = YES;
				GENERATE_INFOPLIST_FILE = YES;
				INFOPLIST_FILE = LaunchScreen/Info.plist;
				INFOPLIST_KEY_UIApplicationSceneManifest_Generation = YES;
				INFOPLIST_KEY_UIApplicationSupportsIndirectInputEvents = YES;
				INFOPLIST_KEY_UISupportedInterfaceOrientations_iPad = "UIInterfaceOrientationPortrait UIInterfaceOrientationPortraitUpsideDown UIInterfaceOrientationLandscapeLeft UIInterfaceOrientationLandscapeRight";
				INFOPLIST_KEY_UISupportedInterfaceOrientations_iPhone = "UIInterfaceOrientationPortrait UIInterfaceOrientationLandscapeLeft UIInterfaceOrientationLandscapeRight";
				LD_RUNPATH_SEARCH_PATHS = (
					"$(inherited)",
					"@executable_path/Frameworks",
				);
				MARKETING_VERSION = 1.0;
				PRODUCT_BUNDLE_IDENTIFIER = SnappyDevlpr.LaunchScreen;
				PRODUCT_NAME = "$(TARGET_NAME)";
				SWIFT_EMIT_LOC_STRINGS = YES;
				SWIFT_VERSION = 5.0;
				TARGETED_DEVICE_FAMILY = "1,2";
			};
			name = Debug;
		};
		43202DCC2829FA55002AA6CB /* Release */ = {
			isa = XCBuildConfiguration;
			buildSettings = {
				ASSETCATALOG_COMPILER_APPICON_NAME = AppIcon;
				ASSETCATALOG_COMPILER_GLOBAL_ACCENT_COLOR_NAME = AccentColor;
				CODE_SIGN_STYLE = Automatic;
				CURRENT_PROJECT_VERSION = 1;
				DEVELOPMENT_ASSET_PATHS = "\"LaunchScreen/Preview Content\"";
				DEVELOPMENT_TEAM = S2MZ49WTY5;
				ENABLE_PREVIEWS = YES;
				GENERATE_INFOPLIST_FILE = YES;
				INFOPLIST_FILE = LaunchScreen/Info.plist;
				INFOPLIST_KEY_UIApplicationSceneManifest_Generation = YES;
				INFOPLIST_KEY_UIApplicationSupportsIndirectInputEvents = YES;
				INFOPLIST_KEY_UISupportedInterfaceOrientations_iPad = "UIInterfaceOrientationPortrait UIInterfaceOrientationPortraitUpsideDown UIInterfaceOrientationLandscapeLeft UIInterfaceOrientationLandscapeRight";
				INFOPLIST_KEY_UISupportedInterfaceOrientations_iPhone = "UIInterfaceOrientationPortrait UIInterfaceOrientationLandscapeLeft UIInterfaceOrientationLandscapeRight";
				LD_RUNPATH_SEARCH_PATHS = (
					"$(inherited)",
					"@executable_path/Frameworks",
				);
				MARKETING_VERSION = 1.0;
				PRODUCT_BUNDLE_IDENTIFIER = SnappyDevlpr.LaunchScreen;
				PRODUCT_NAME = "$(TARGET_NAME)";
				SWIFT_EMIT_LOC_STRINGS = YES;
				SWIFT_VERSION = 5.0;
				TARGETED_DEVICE_FAMILY = "1,2";
			};
			name = Release;
		};
		43202DCE2829FA55002AA6CB /* Debug */ = {
			isa = XCBuildConfiguration;
			buildSettings = {
				ALWAYS_EMBED_SWIFT_STANDARD_LIBRARIES = YES;
				BUNDLE_LOADER = "$(TEST_HOST)";
				CODE_SIGN_STYLE = Automatic;
				CURRENT_PROJECT_VERSION = 1;
				DEVELOPMENT_TEAM = S2MZ49WTY5;
				GENERATE_INFOPLIST_FILE = YES;
				IPHONEOS_DEPLOYMENT_TARGET = 15.2;
				MARKETING_VERSION = 1.0;
				PRODUCT_BUNDLE_IDENTIFIER = SnappyDevlpr.LaunchScreenTests;
				PRODUCT_NAME = "$(TARGET_NAME)";
				SWIFT_EMIT_LOC_STRINGS = NO;
				SWIFT_VERSION = 5.0;
				TARGETED_DEVICE_FAMILY = "1,2";
				TEST_HOST = "$(BUILT_PRODUCTS_DIR)/LaunchScreen.app/LaunchScreen";
			};
			name = Debug;
		};
		43202DCF2829FA55002AA6CB /* Release */ = {
			isa = XCBuildConfiguration;
			buildSettings = {
				ALWAYS_EMBED_SWIFT_STANDARD_LIBRARIES = YES;
				BUNDLE_LOADER = "$(TEST_HOST)";
				CODE_SIGN_STYLE = Automatic;
				CURRENT_PROJECT_VERSION = 1;
				DEVELOPMENT_TEAM = S2MZ49WTY5;
				GENERATE_INFOPLIST_FILE = YES;
				IPHONEOS_DEPLOYMENT_TARGET = 15.2;
				MARKETING_VERSION = 1.0;
				PRODUCT_BUNDLE_IDENTIFIER = SnappyDevlpr.LaunchScreenTests;
				PRODUCT_NAME = "$(TARGET_NAME)";
				SWIFT_EMIT_LOC_STRINGS = NO;
				SWIFT_VERSION = 5.0;
				TARGETED_DEVICE_FAMILY = "1,2";
				TEST_HOST = "$(BUILT_PRODUCTS_DIR)/LaunchScreen.app/LaunchScreen";
			};
			name = Release;
		};
		43202DD12829FA55002AA6CB /* Debug */ = {
			isa = XCBuildConfiguration;
			buildSettings = {
				ALWAYS_EMBED_SWIFT_STANDARD_LIBRARIES = YES;
				CODE_SIGN_STYLE = Automatic;
				CURRENT_PROJECT_VERSION = 1;
				DEVELOPMENT_TEAM = S2MZ49WTY5;
				GENERATE_INFOPLIST_FILE = YES;
				MARKETING_VERSION = 1.0;
				PRODUCT_BUNDLE_IDENTIFIER = SnappyDevlpr.LaunchScreenUITests;
				PRODUCT_NAME = "$(TARGET_NAME)";
				SWIFT_EMIT_LOC_STRINGS = NO;
				SWIFT_VERSION = 5.0;
				TARGETED_DEVICE_FAMILY = "1,2";
				TEST_TARGET_NAME = LaunchScreen;
			};
			name = Debug;
		};
		43202DD22829FA55002AA6CB /* Release */ = {
			isa = XCBuildConfiguration;
			buildSettings = {
				ALWAYS_EMBED_SWIFT_STANDARD_LIBRARIES = YES;
				CODE_SIGN_STYLE = Automatic;
				CURRENT_PROJECT_VERSION = 1;
				DEVELOPMENT_TEAM = S2MZ49WTY5;
				GENERATE_INFOPLIST_FILE = YES;
				MARKETING_VERSION = 1.0;
				PRODUCT_BUNDLE_IDENTIFIER = SnappyDevlpr.LaunchScreenUITests;
				PRODUCT_NAME = "$(TARGET_NAME)";
				SWIFT_EMIT_LOC_STRINGS = NO;
				SWIFT_VERSION = 5.0;
				TARGETED_DEVICE_FAMILY = "1,2";
				TEST_TARGET_NAME = LaunchScreen;
			};
			name = Release;
		};
/* End XCBuildConfiguration section */

/* Begin XCConfigurationList section */
		43202DA12829FA52002AA6CB /* Build configuration list for PBXProject "LaunchScreen" */ = {
			isa = XCConfigurationList;
			buildConfigurations = (
				43202DC82829FA55002AA6CB /* Debug */,
				43202DC92829FA55002AA6CB /* Release */,
			);
			defaultConfigurationIsVisible = 0;
			defaultConfigurationName = Release;
		};
		43202DCA2829FA55002AA6CB /* Build configuration list for PBXNativeTarget "LaunchScreen" */ = {
			isa = XCConfigurationList;
			buildConfigurations = (
				43202DCB2829FA55002AA6CB /* Debug */,
				43202DCC2829FA55002AA6CB /* Release */,
			);
			defaultConfigurationIsVisible = 0;
			defaultConfigurationName = Release;
		};
		43202DCD2829FA55002AA6CB /* Build configuration list for PBXNativeTarget "LaunchScreenTests" */ = {
			isa = XCConfigurationList;
			buildConfigurations = (
				43202DCE2829FA55002AA6CB /* Debug */,
				43202DCF2829FA55002AA6CB /* Release */,
			);
			defaultConfigurationIsVisible = 0;
			defaultConfigurationName = Release;
		};
		43202DD02829FA55002AA6CB /* Build configuration list for PBXNativeTarget "LaunchScreenUITests" */ = {
			isa = XCConfigurationList;
			buildConfigurations = (
				43202DD12829FA55002AA6CB /* Debug */,
				43202DD22829FA55002AA6CB /* Release */,
			);
			defaultConfigurationIsVisible = 0;
			defaultConfigurationName = Release;
		};
/* End XCConfigurationList section */
	};
	rootObject = 43202D9E2829FA52002AA6CB /* Project object */;
}
